
Microsoft Visual Studio Solution File, Format Version 12.00
# Visual Studio Version 17
VisualStudioVersion = 17.14.36616.10
MinimumVisualStudioVersion = 10.0.40219.1
Project("{FAE04EC0-301F-11D3-BF4B-00C04F79EFBC}") = "Rental System", "Rental System\Rental System.csproj", "{4EA74E8D-4C52-41CB-8903-010A74CB2087}"
EndProject
Global
	GlobalSection(SolutionConfigurationPlatforms) = preSolution
		Debug|Any CPU = Debug|Any CPU
		Release|Any CPU = Release|Any CPU
	EndGlobalSection
	GlobalSection(ProjectConfigurationPlatforms) = postSolution
		{4EA74E8D-4C52-41CB-8903-010A74CB2087}.Debug|Any CPU.ActiveCfg = Debug|Any CPU
		{4EA74E8D-4C52-41CB-8903-010A74CB2087}.Debug|Any CPU.Build.0 = Debug|Any CPU
		{4EA74E8D-4C52-41CB-8903-010A74CB2087}.Release|Any CPU.ActiveCfg = Release|Any CPU
		{4EA74E8D-4C52-41CB-8903-010A74CB2087}.Release|Any CPU.Build.0 = Release|Any CPU
	EndGlobalSection
	GlobalSection(SolutionProperties) = preSolution
		HideSolutionNode = FALSE
	EndGlobalSection
	GlobalSection(ExtensibilityGlobals) = postSolution
		SolutionGuid = {ED06E42B-8FA6-44FD-9380-5936C11222FF}
	EndGlobalSection
EndGlobal
